
Microsoft Visual Studio Solution File, Format Version 12.00
# Visual Studio 15
VisualStudioVersion = 15.0.27130.2020
MinimumVisualStudioVersion = 10.0.40219.1
Project("{8BC9CEB8-8B4A-11D0-8D11-00A0C91BC942}") = "KwadratOpenGL", "OpenGLTut\OpenGLTut.vcxproj", "{FCBB12FA-1EE9-43AF-B84C-8A8BFB1F8170}"
EndProject
Project("{8BC9CEB8-8B4A-11D0-8D11-00A0C91BC942}") = "SzescianOpenGL", "SzescianOpenGL\SzescianOpenGL.vcxproj", "{E13963A7-4293-492C-91E5-13172166D6D6}"
EndProject
Project("{8BC9CEB8-8B4A-11D0-8D11-00A0C91BC942}") = "SzescianPersp1", "SzescianPersp1\SzescianPersp1.vcxproj", "{359B5622-B976-4BAA-B2C4-6CAFC29625BB}"
EndProject
Project("{8BC9CEB8-8B4A-11D0-8D11-00A0C91BC942}") = "SzescianPersp2", "SzescianPersp2\SzescianPersp2.vcxproj", "{08066F98-AFEB-4A07-BF4F-6127BD4921E9}"
EndProject
Project("{8BC9CEB8-8B4A-11D0-8D11-00A0C91BC942}") = "SzescianPersp3", "SzescianPersp3\SzescianPersp3.vcxproj", "{4FD2D10F-8C04-49F0-A8EF-1620297F99C9}"
EndProject
Project("{8BC9CEB8-8B4A-11D0-8D11-00A0C91BC942}") = "Projekt1", "Projekt1\Projekt1.vcxproj", "{439186E5-09D0-453F-8A9B-F2E9A7DDA4FF}"
EndProject
Project("{8BC9CEB8-8B4A-11D0-8D11-00A0C91BC942}") = "Przeksztalcenia1", "Przeksztalcenia1\Przeksztalcenia1.vcxproj", "{AC1143EE-BE6B-4ECC-BA2C-7475D3E784FE}"
EndProject
Project("{2150E333-8FDC-42A3-9474-1A3956D46DE8}") = "Solution Items", "Solution Items", "{5EFB6833-A483-4B63-8E8B-B8D3B7BF6281}"
	ProjectSection(SolutionItems) = preProject
		README.md = README.md
	EndProjectSection
EndProject
Project("{8BC9CEB8-8B4A-11D0-8D11-00A0C91BC942}") = "SierpinskiGasket", "SierpinskiGasket\SierpinskiGasket.vcxproj", "{58292EC3-F0FE-4E28-8398-575F1E09CB99}"
EndProject
Project("{8BC9CEB8-8B4A-11D0-8D11-00A0C91BC942}") = "SierpinskiCarpet", "SierpinskiCarpet\SierpinskiCarpet.vcxproj", "{9A6F0EE9-C3C6-47DA-B4D2-AAD1860D55C5}"
EndProject
Global
	GlobalSection(SolutionConfigurationPlatforms) = preSolution
		Debug|x64 = Debug|x64
		Debug|x86 = Debug|x86
		Release|x64 = Release|x64
		Release|x86 = Release|x86
	EndGlobalSection
	GlobalSection(ProjectConfigurationPlatforms) = postSolution
		{FCBB12FA-1EE9-43AF-B84C-8A8BFB1F8170}.Debug|x64.ActiveCfg = Debug|x64
		{FCBB12FA-1EE9-43AF-B84C-8A8BFB1F8170}.Debug|x64.Build.0 = Debug|x64
		{FCBB12FA-1EE9-43AF-B84C-8A8BFB1F8170}.Debug|x86.ActiveCfg = Debug|Win32
		{FCBB12FA-1EE9-43AF-B84C-8A8BFB1F8170}.Debug|x86.Build.0 = Debug|Win32
		{FCBB12FA-1EE9-43AF-B84C-8A8BFB1F8170}.Release|x64.ActiveCfg = Release|x64
		{FCBB12FA-1EE9-43AF-B84C-8A8BFB1F8170}.Release|x64.Build.0 = Release|x64
		{FCBB12FA-1EE9-43AF-B84C-8A8BFB1F8170}.Release|x86.ActiveCfg = Release|Win32
		{FCBB12FA-1EE9-43AF-B84C-8A8BFB1F8170}.Release|x86.Build.0 = Release|Win32
		{E13963A7-4293-492C-91E5-13172166D6D6}.Debug|x64.ActiveCfg = Debug|x64
		{E13963A7-4293-492C-91E5-13172166D6D6}.Debug|x64.Build.0 = Debug|x64
		{E13963A7-4293-492C-91E5-13172166D6D6}.Debug|x86.ActiveCfg = Debug|Win32
		{E13963A7-4293-492C-91E5-13172166D6D6}.Debug|x86.Build.0 = Debug|Win32
		{E13963A7-4293-492C-91E5-13172166D6D6}.Release|x64.ActiveCfg = Release|x64
		{E13963A7-4293-492C-91E5-13172166D6D6}.Release|x64.Build.0 = Release|x64
		{E13963A7-4293-492C-91E5-13172166D6D6}.Release|x86.ActiveCfg = Release|Win32
		{E13963A7-4293-492C-91E5-13172166D6D6}.Release|x86.Build.0 = Release|Win32
		{359B5622-B976-4BAA-B2C4-6CAFC29625BB}.Debug|x64.ActiveCfg = Debug|x64
		{359B5622-B976-4BAA-B2C4-6CAFC29625BB}.Debug|x64.Build.0 = Debug|x64
		{359B5622-B976-4BAA-B2C4-6CAFC29625BB}.Debug|x86.ActiveCfg = Debug|Win32
		{359B5622-B976-4BAA-B2C4-6CAFC29625BB}.Debug|x86.Build.0 = Debug|Win32
		{359B5622-B976-4BAA-B2C4-6CAFC29625BB}.Release|x64.ActiveCfg = Release|x64
		{359B5622-B976-4BAA-B2C4-6CAFC29625BB}.Release|x64.Build.0 = Release|x64
		{359B5622-B976-4BAA-B2C4-6CAFC29625BB}.Release|x86.ActiveCfg = Release|Win32
		{359B5622-B976-4BAA-B2C4-6CAFC29625BB}.Release|x86.Build.0 = Release|Win32
		{08066F98-AFEB-4A07-BF4F-6127BD4921E9}.Debug|x64.ActiveCfg = Debug|x64
		{08066F98-AFEB-4A07-BF4F-6127BD4921E9}.Debug|x64.Build.0 = Debug|x64
		{08066F98-AFEB-4A07-BF4F-6127BD4921E9}.Debug|x86.ActiveCfg = Debug|Win32
		{08066F98-AFEB-4A07-BF4F-6127BD4921E9}.Debug|x86.Build.0 = Debug|Win32
		{08066F98-AFEB-4A07-BF4F-6127BD4921E9}.Release|x64.ActiveCfg = Release|x64
		{08066F98-AFEB-4A07-BF4F-6127BD4921E9}.Release|x64.Build.0 = Release|x64
		{08066F98-AFEB-4A07-BF4F-6127BD4921E9}.Release|x86.ActiveCfg = Release|Win32
		{08066F98-AFEB-4A07-BF4F-6127BD4921E9}.Release|x86.Build.0 = Release|Win32
		{4FD2D10F-8C04-49F0-A8EF-1620297F99C9}.Debug|x64.ActiveCfg = Debug|x64
		{4FD2D10F-8C04-49F0-A8EF-1620297F99C9}.Debug|x64.Build.0 = Debug|x64
		{4FD2D10F-8C04-49F0-A8EF-1620297F99C9}.Debug|x86.ActiveCfg = Debug|Win32
		{4FD2D10F-8C04-49F0-A8EF-1620297F99C9}.Debug|x86.Build.0 = Debug|Win32
		{4FD2D10F-8C04-49F0-A8EF-1620297F99C9}.Release|x64.ActiveCfg = Release|x64
		{4FD2D10F-8C04-49F0-A8EF-1620297F99C9}.Release|x64.Build.0 = Release|x64
		{4FD2D10F-8C04-49F0-A8EF-1620297F99C9}.Release|x86.ActiveCfg = Release|Win32
		{4FD2D10F-8C04-49F0-A8EF-1620297F99C9}.Release|x86.Build.0 = Release|Win32
		{439186E5-09D0-453F-8A9B-F2E9A7DDA4FF}.Debug|x64.ActiveCfg = Debug|x64
		{439186E5-09D0-453F-8A9B-F2E9A7DDA4FF}.Debug|x64.Build.0 = Debug|x64
		{439186E5-09D0-453F-8A9B-F2E9A7DDA4FF}.Debug|x86.ActiveCfg = Debug|Win32
		{439186E5-09D0-453F-8A9B-F2E9A7DDA4FF}.Debug|x86.Build.0 = Debug|Win32
		{439186E5-09D0-453F-8A9B-F2E9A7DDA4FF}.Release|x64.ActiveCfg = Release|x64
		{439186E5-09D0-453F-8A9B-F2E9A7DDA4FF}.Release|x64.Build.0 = Release|x64
		{439186E5-09D0-453F-8A9B-F2E9A7DDA4FF}.Release|x86.ActiveCfg = Release|Win32
		{439186E5-09D0-453F-8A9B-F2E9A7DDA4FF}.Release|x86.Build.0 = Release|Win32
		{AC1143EE-BE6B-4ECC-BA2C-7475D3E784FE}.Debug|x64.ActiveCfg = Debug|x64
		{AC1143EE-BE6B-4ECC-BA2C-7475D3E784FE}.Debug|x64.Build.0 = Debug|x64
		{AC1143EE-BE6B-4ECC-BA2C-7475D3E784FE}.Debug|x86.ActiveCfg = Debug|Win32
		{AC1143EE-BE6B-4ECC-BA2C-7475D3E784FE}.Debug|x86.Build.0 = Debug|Win32
		{AC1143EE-BE6B-4ECC-BA2C-7475D3E784FE}.Release|x64.ActiveCfg = Release|x64
		{AC1143EE-BE6B-4ECC-BA2C-7475D3E784FE}.Release|x64.Build.0 = Release|x64
		{AC1143EE-BE6B-4ECC-BA2C-7475D3E784FE}.Release|x86.ActiveCfg = Release|Win32
		{AC1143EE-BE6B-4ECC-BA2C-7475D3E784FE}.Release|x86.Build.0 = Release|Win32
		{58292EC3-F0FE-4E28-8398-575F1E09CB99}.Debug|x64.ActiveCfg = Debug|x64
		{58292EC3-F0FE-4E28-8398-575F1E09CB99}.Debug|x64.Build.0 = Debug|x64
		{58292EC3-F0FE-4E28-8398-575F1E09CB99}.Debug|x86.ActiveCfg = Debug|Win32
		{58292EC3-F0FE-4E28-8398-575F1E09CB99}.Debug|x86.Build.0 = Debug|Win32
		{58292EC3-F0FE-4E28-8398-575F1E09CB99}.Release|x64.ActiveCfg = Release|x64
		{58292EC3-F0FE-4E28-8398-575F1E09CB99}.Release|x64.Build.0 = Release|x64
		{58292EC3-F0FE-4E28-8398-575F1E09CB99}.Release|x86.ActiveCfg = Release|Win32
		{58292EC3-F0FE-4E28-8398-575F1E09CB99}.Release|x86.Build.0 = Release|Win32
		{9A6F0EE9-C3C6-47DA-B4D2-AAD1860D55C5}.Debug|x64.ActiveCfg = Debug|x64
		{9A6F0EE9-C3C6-47DA-B4D2-AAD1860D55C5}.Debug|x64.Build.0 = Debug|x64
		{9A6F0EE9-C3C6-47DA-B4D2-AAD1860D55C5}.Debug|x86.ActiveCfg = Debug|Win32
		{9A6F0EE9-C3C6-47DA-B4D2-AAD1860D55C5}.Debug|x86.Build.0 = Debug|Win32
		{9A6F0EE9-C3C6-47DA-B4D2-AAD1860D55C5}.Release|x64.ActiveCfg = Release|x64
		{9A6F0EE9-C3C6-47DA-B4D2-AAD1860D55C5}.Release|x64.Build.0 = Release|x64
		{9A6F0EE9-C3C6-47DA-B4D2-AAD1860D55C5}.Release|x86.ActiveCfg = Release|Win32
		{9A6F0EE9-C3C6-47DA-B4D2-AAD1860D55C5}.Release|x86.Build.0 = Release|Win32
	EndGlobalSection
	GlobalSection(SolutionProperties) = preSolution
		HideSolutionNode = FALSE
	EndGlobalSection
	GlobalSection(ExtensibilityGlobals) = postSolution
		SolutionGuid = {9A4A77F6-FED6-43B4-AD0D-72BBE26DC485}
	EndGlobalSection
EndGlobal
